
Microsoft Visual Studio Solution File, Format Version 12.00
# Visual Studio Version 17
VisualStudioVersion = 17.5.002.0
MinimumVisualStudioVersion = 10.0.40219.1
Project("{9A19103F-16F7-4668-BE54-9A1E7A4F7556}") = "ProyectoViajes.API", "ProyectoViajes.API.csproj", "{9033D261-EF53-408F-839A-00463CB742DA}"
EndProject
Global
	GlobalSection(SolutionConfigurationPlatforms) = preSolution
		Debug|Any CPU = Debug|Any CPU
		Release|Any CPU = Release|Any CPU
	EndGlobalSection
	GlobalSection(ProjectConfigurationPlatforms) = postSolution
		{9033D261-EF53-408F-839A-00463CB742DA}.Debug|Any CPU.ActiveCfg = Debug|Any CPU
		{9033D261-EF53-408F-839A-00463CB742DA}.Debug|Any CPU.Build.0 = Debug|Any CPU
		{9033D261-EF53-408F-839A-00463CB742DA}.Release|Any CPU.ActiveCfg = Release|Any CPU
		{9033D261-EF53-408F-839A-00463CB742DA}.Release|Any CPU.Build.0 = Release|Any CPU
	EndGlobalSection
	GlobalSection(SolutionProperties) = preSolution
		HideSolutionNode = FALSE
	EndGlobalSection
	GlobalSection(ExtensibilityGlobals) = postSolution
		SolutionGuid = {E81EF271-99E4-470C-B238-3C438E4FD72D}
	EndGlobalSection
EndGlobal
